
Microsoft Visual Studio Solution File, Format Version 12.00
# Visual Studio Version 17
VisualStudioVersion = 17.14.36511.14 d17.14
MinimumVisualStudioVersion = 10.0.40219.1
Project("{FAE04EC0-301F-11D3-BF4B-00C04F79EFBC}") = "LogiTrack_S_A", "LogiTrack_S_A\LogiTrack_S_A.csproj", "{1805F41F-1BAC-4FEB-9AEF-9A97B03F989D}"
EndProject
Global
	GlobalSection(SolutionConfigurationPlatforms) = preSolution
		Debug|Any CPU = Debug|Any CPU
		Release|Any CPU = Release|Any CPU
	EndGlobalSection
	GlobalSection(ProjectConfigurationPlatforms) = postSolution
		{1805F41F-1BAC-4FEB-9AEF-9A97B03F989D}.Debug|Any CPU.ActiveCfg = Debug|Any CPU
		{1805F41F-1BAC-4FEB-9AEF-9A97B03F989D}.Debug|Any CPU.Build.0 = Debug|Any CPU
		{1805F41F-1BAC-4FEB-9AEF-9A97B03F989D}.Release|Any CPU.ActiveCfg = Release|Any CPU
		{1805F41F-1BAC-4FEB-9AEF-9A97B03F989D}.Release|Any CPU.Build.0 = Release|Any CPU
	EndGlobalSection
	GlobalSection(SolutionProperties) = preSolution
		HideSolutionNode = FALSE
	EndGlobalSection
	GlobalSection(ExtensibilityGlobals) = postSolution
		SolutionGuid = {0EE3D12D-2E57-46EA-BA51-D6D57826BF68}
	EndGlobalSection
EndGlobal
